dependencies:
  espressif/usb_host_cdc_acm:
    component_hash: f76e1283e7ef0e7970e8a708c4ee443ff0aa112572e25319d30b7ec555cc0aee
    source:
      service_url: https://api.components.espressif.com/
      type: service
    version: 2.0.6
  idf:
    component_hash: null
    source:
      type: idf
    version: 5.3.1
manifest_hash: 5f4198b67be25c81e0dc4071f114e05b4b4c22b975961a15db97a49ceddc51c0
target: esp32s3
version: 1.0.0
